
Microsoft Visual Studio Solution File, Format Version 12.00
# Visual Studio Version 17
VisualStudioVersion = 17.0.31903.59
MinimumVisualStudioVersion = 10.0.40219.1
Project("{FAE04EC0-301F-11D3-BF4B-00C04F79EFBC}") = "Pinball.Core", "Pinball.Core\Pinball.Core.csproj", "{02ED9E32-EA0D-45BA-B026-0F3353F0B665}"
EndProject
Project("{FAE04EC0-301F-11D3-BF4B-00C04F79EFBC}") = "Pinball.Tests", "Pinball.Tests\Pinball.Tests.csproj", "{CF1FF168-2746-4852-B308-1451C0ED2517}"
EndProject
Project("{FAE04EC0-301F-11D3-BF4B-00C04F79EFBC}") = "Pinball.Web", "Pinball.Web\Pinball.Web.csproj", "{99CDEF83-4C69-4356-BDAB-3EFC6CA6370B}"
EndProject
Global
	GlobalSection(SolutionConfigurationPlatforms) = preSolution
		Debug|Any CPU = Debug|Any CPU
		Debug|x64 = Debug|x64
		Debug|x86 = Debug|x86
		Release|Any CPU = Release|Any CPU
		Release|x64 = Release|x64
		Release|x86 = Release|x86
	EndGlobalSection
	GlobalSection(ProjectConfigurationPlatforms) = postSolution
		{02ED9E32-EA0D-45BA-B026-0F3353F0B665}.Debug|Any CPU.ActiveCfg = Debug|Any CPU
		{02ED9E32-EA0D-45BA-B026-0F3353F0B665}.Debug|Any CPU.Build.0 = Debug|Any CPU
		{02ED9E32-EA0D-45BA-B026-0F3353F0B665}.Debug|x64.ActiveCfg = Debug|Any CPU
		{02ED9E32-EA0D-45BA-B026-0F3353F0B665}.Debug|x64.Build.0 = Debug|Any CPU
		{02ED9E32-EA0D-45BA-B026-0F3353F0B665}.Debug|x86.ActiveCfg = Debug|Any CPU
		{02ED9E32-EA0D-45BA-B026-0F3353F0B665}.Debug|x86.Build.0 = Debug|Any CPU
		{02ED9E32-EA0D-45BA-B026-0F3353F0B665}.Release|Any CPU.ActiveCfg = Release|Any CPU
		{02ED9E32-EA0D-45BA-B026-0F3353F0B665}.Release|Any CPU.Build.0 = Release|Any CPU
		{02ED9E32-EA0D-45BA-B026-0F3353F0B665}.Release|x64.ActiveCfg = Release|Any CPU
		{02ED9E32-EA0D-45BA-B026-0F3353F0B665}.Release|x64.Build.0 = Release|Any CPU
		{02ED9E32-EA0D-45BA-B026-0F3353F0B665}.Release|x86.ActiveCfg = Release|Any CPU
		{02ED9E32-EA0D-45BA-B026-0F3353F0B665}.Release|x86.Build.0 = Release|Any CPU
		{CF1FF168-2746-4852-B308-1451C0ED2517}.Debug|Any CPU.ActiveCfg = Debug|Any CPU
		{CF1FF168-2746-4852-B308-1451C0ED2517}.Debug|Any CPU.Build.0 = Debug|Any CPU
		{CF1FF168-2746-4852-B308-1451C0ED2517}.Debug|x64.ActiveCfg = Debug|Any CPU
		{CF1FF168-2746-4852-B308-1451C0ED2517}.Debug|x64.Build.0 = Debug|Any CPU
		{CF1FF168-2746-4852-B308-1451C0ED2517}.Debug|x86.ActiveCfg = Debug|Any CPU
		{CF1FF168-2746-4852-B308-1451C0ED2517}.Debug|x86.Build.0 = Debug|Any CPU
		{CF1FF168-2746-4852-B308-1451C0ED2517}.Release|Any CPU.ActiveCfg = Release|Any CPU
		{CF1FF168-2746-4852-B308-1451C0ED2517}.Release|Any CPU.Build.0 = Release|Any CPU
		{CF1FF168-2746-4852-B308-1451C0ED2517}.Release|x64.ActiveCfg = Release|Any CPU
		{CF1FF168-2746-4852-B308-1451C0ED2517}.Release|x64.Build.0 = Release|Any CPU
		{CF1FF168-2746-4852-B308-1451C0ED2517}.Release|x86.ActiveCfg = Release|Any CPU
		{CF1FF168-2746-4852-B308-1451C0ED2517}.Release|x86.Build.0 = Release|Any CPU
		{99CDEF83-4C69-4356-BDAB-3EFC6CA6370B}.Debug|Any CPU.ActiveCfg = Debug|Any CPU
		{99CDEF83-4C69-4356-BDAB-3EFC6CA6370B}.Debug|Any CPU.Build.0 = Debug|Any CPU
		{99CDEF83-4C69-4356-BDAB-3EFC6CA6370B}.Debug|x64.ActiveCfg = Debug|Any CPU
		{99CDEF83-4C69-4356-BDAB-3EFC6CA6370B}.Debug|x64.Build.0 = Debug|Any CPU
		{99CDEF83-4C69-4356-BDAB-3EFC6CA6370B}.Debug|x86.ActiveCfg = Debug|Any CPU
		{99CDEF83-4C69-4356-BDAB-3EFC6CA6370B}.Debug|x86.Build.0 = Debug|Any CPU
		{99CDEF83-4C69-4356-BDAB-3EFC6CA6370B}.Release|Any CPU.ActiveCfg = Release|Any CPU
		{99CDEF83-4C69-4356-BDAB-3EFC6CA6370B}.Release|Any CPU.Build.0 = Release|Any CPU
		{99CDEF83-4C69-4356-BDAB-3EFC6CA6370B}.Release|x64.ActiveCfg = Release|Any CPU
		{99CDEF83-4C69-4356-BDAB-3EFC6CA6370B}.Release|x64.Build.0 = Release|Any CPU
		{99CDEF83-4C69-4356-BDAB-3EFC6CA6370B}.Release|x86.ActiveCfg = Release|Any CPU
		{99CDEF83-4C69-4356-BDAB-3EFC6CA6370B}.Release|x86.Build.0 = Release|Any CPU
	EndGlobalSection
	GlobalSection(SolutionProperties) = preSolution
		HideSolutionNode = FALSE
	EndGlobalSection
EndGlobal
